
Microsoft Visual Studio Solution File, Format Version 12.00
# Visual Studio Version 17
VisualStudioVersion = 17.4.33403.182
MinimumVisualStudioVersion = 10.0.40219.1
Project("{FAE04EC0-301F-11D3-BF4B-00C04F79EFBC}") = "Aplicacion_Pedidos", "Aplicacion_Pedidos.csproj", "{B586FE82-CB13-4D8D-99C2-D2134765814A}"
EndProject
Project("{FAE04EC0-301F-11D3-BF4B-00C04F79EFBC}") = "Libreria_Pedidos", "..\Libreria_Pedidos\Libreria_Pedidos.csproj", "{8226B509-EB8C-4F15-B6F6-5EB15F7C7765}"
EndProject
Global
	GlobalSection(SolutionConfigurationPlatforms) = preSolution
		Debug|Any CPU = Debug|Any CPU
		Release|Any CPU = Release|Any CPU
	EndGlobalSection
	GlobalSection(ProjectConfigurationPlatforms) = postSolution
		{B586FE82-CB13-4D8D-99C2-D2134765814A}.Debug|Any CPU.ActiveCfg = Debug|Any CPU
		{B586FE82-CB13-4D8D-99C2-D2134765814A}.Debug|Any CPU.Build.0 = Debug|Any CPU
		{B586FE82-CB13-4D8D-99C2-D2134765814A}.Release|Any CPU.ActiveCfg = Release|Any CPU
		{B586FE82-CB13-4D8D-99C2-D2134765814A}.Release|Any CPU.Build.0 = Release|Any CPU
		{8226B509-EB8C-4F15-B6F6-5EB15F7C7765}.Debug|Any CPU.ActiveCfg = Debug|Any CPU
		{8226B509-EB8C-4F15-B6F6-5EB15F7C7765}.Debug|Any CPU.Build.0 = Debug|Any CPU
		{8226B509-EB8C-4F15-B6F6-5EB15F7C7765}.Release|Any CPU.ActiveCfg = Release|Any CPU
		{8226B509-EB8C-4F15-B6F6-5EB15F7C7765}.Release|Any CPU.Build.0 = Release|Any CPU
	EndGlobalSection
	GlobalSection(SolutionProperties) = preSolution
		HideSolutionNode = FALSE
	EndGlobalSection
	GlobalSection(ExtensibilityGlobals) = postSolution
		SolutionGuid = {63874CE3-9C30-4E6B-9394-FF5DB0A31586}
	EndGlobalSection
EndGlobal
